// !$*UTF8*$!
{
	archiveVersion = 1;
	classes = {
	};
	objectVersion = 56;
	objects = {

/* Begin PBXBuildFile section */
		5F02CC052DD72BC200F074EA /* BookCache.swift in Sources */ = {isa = PBXBuildFile; fileRef = 5F02CC042DD72BC200F074EA /* BookCache.swift */; };
		5F06A9872DC8F31700C0664E /* PersistenceManager.swift in Sources */ = {isa = PBXBuildFile; fileRef = 5F06A9862DC8F31700C0664E /* PersistenceManager.swift */; };
		5F07D0632DCA003400401B04 /* FetchBookHistoryProtocol.swift in Sources */ = {isa = PBXBuildFile; fileRef = 5F07D0622DCA003400401B04 /* FetchBookHistoryProtocol.swift */; };
		5F07D0652DCA1C2900401B04 /* ReadingHistoryCellView.swift in Sources */ = {isa = PBXBuildFile; fileRef = 5F07D0642DCA1C2900401B04 /* ReadingHistoryCellView.swift */; };
		5F25AE0E2DCD2D5100C89B89 /* BookInfoRow.swift in Sources */ = {isa = PBXBuildFile; fileRef = 5F25AE0D2DCD2D5100C89B89 /* BookInfoRow.swift */; };
		5F331B4C2DCE44A80061E046 /* BottomSheet in Frameworks */ = {isa = PBXBuildFile; productRef = 5F331B4B2DCE44A80061E046 /* BottomSheet */; };
		5F437A382DCA52D600610056 /* View+Ext.swift in Sources */ = {isa = PBXBuildFile; fileRef = 5F437A372DCA52D600610056 /* View+Ext.swift */; };
		5F6B70EC2DD104DE005179CE /* HorizonCalendarView.swift in Sources */ = {isa = PBXBuildFile; fileRef = 5F6B70EB2DD104DE005179CE /* HorizonCalendarView.swift */; };
		5F6B70EE2DD104F4005179CE /* SelectionMode.swift in Sources */ = {isa = PBXBuildFile; fileRef = 5F6B70ED2DD104F4005179CE /* SelectionMode.swift */; };
		5F6B91B72DCCCA1D00D6C54A /* BookDataViewModel.swift in Sources */ = {isa = PBXBuildFile; fileRef = 5F6B91B62DCCCA1D00D6C54A /* BookDataViewModel.swift */; };
		5F6B91B92DCCE76900D6C54A /* TabItem.swift in Sources */ = {isa = PBXBuildFile; fileRef = 5F6B91B82DCCE76900D6C54A /* TabItem.swift */; };
		5F6B91BB2DCCEEA100D6C54A /* BookDataView.swift in Sources */ = {isa = PBXBuildFile; fileRef = 5F6B91BA2DCCEEA100D6C54A /* BookDataView.swift */; };
		5F8650532DC798BC00784088 /* BookWithMeApp.swift in Sources */ = {isa = PBXBuildFile; fileRef = 5F8650522DC798BC00784088 /* BookWithMeApp.swift */; };
		5F8650552DC798BC00784088 /* ContentView.swift in Sources */ = {isa = PBXBuildFile; fileRef = 5F8650542DC798BC00784088 /* ContentView.swift */; };
		5F8650572DC798BF00784088 /* Assets.xcassets in Resources */ = {isa = PBXBuildFile; fileRef = 5F8650562DC798BE00784088 /* Assets.xcassets */; };
		5F86505A2DC798BF00784088 /* Preview Assets.xcassets in Resources */ = {isa = PBXBuildFile; fileRef = 5F8650592DC798BF00784088 /* Preview Assets.xcassets */; };
		5F93FDB92DC8D0DA00EC2E9E /* BookShelfCellViewModel.swift in Sources */ = {isa = PBXBuildFile; fileRef = 5F93FDB82DC8D0DA00EC2E9E /* BookShelfCellViewModel.swift */; };
		5F93FDBC2DC8E51700EC2E9E /* CoreData.xcdatamodeld in Sources */ = {isa = PBXBuildFile; fileRef = 5F93FDBA2DC8E51700EC2E9E /* CoreData.xcdatamodeld */; };
		5F9B33CD2DE7054F0026227B /* BookHistoryEntity+CoreDataClass.swift in Sources */ = {isa = PBXBuildFile; fileRef = 5F9B33C52DE7054F0026227B /* BookHistoryEntity+CoreDataClass.swift */; };
		5F9B33CE2DE7054F0026227B /* BookHistoryEntity+CoreDataProperties.swift in Sources */ = {isa = PBXBuildFile; fileRef = 5F9B33C62DE7054F0026227B /* BookHistoryEntity+CoreDataProperties.swift */; };
		5F9B33CF2DE7054F0026227B /* ReviewEntity+CoreDataClass.swift in Sources */ = {isa = PBXBuildFile; fileRef = 5F9B33C72DE7054F0026227B /* ReviewEntity+CoreDataClass.swift */; };
		5F9B33D02DE7054F0026227B /* ReviewEntity+CoreDataProperties.swift in Sources */ = {isa = PBXBuildFile; fileRef = 5F9B33C82DE7054F0026227B /* ReviewEntity+CoreDataProperties.swift */; };
		5F9B33D12DE7054F0026227B /* UserEntity+CoreDataClass.swift in Sources */ = {isa = PBXBuildFile; fileRef = 5F9B33C92DE7054F0026227B /* UserEntity+CoreDataClass.swift */; };
		5F9B33D22DE7054F0026227B /* UserEntity+CoreDataProperties.swift in Sources */ = {isa = PBXBuildFile; fileRef = 5F9B33CA2DE7054F0026227B /* UserEntity+CoreDataProperties.swift */; };
		5F9B33D32DE7054F0026227B /* BookEntity+CoreDataClass.swift in Sources */ = {isa = PBXBuildFile; fileRef = 5F9B33CB2DE7054F0026227B /* BookEntity+CoreDataClass.swift */; };
		5F9B33D42DE7054F0026227B /* BookEntity+CoreDataProperties.swift in Sources */ = {isa = PBXBuildFile; fileRef = 5F9B33CC2DE7054F0026227B /* BookEntity+CoreDataProperties.swift */; };
		5F9B33D62DE705A50026227B /* String+Ext.swift in Sources */ = {isa = PBXBuildFile; fileRef = 5F9B33D52DE705A50026227B /* String+Ext.swift */; };
		5FABF2192DCB3D02000CAA61 /* SettingSection.swift in Sources */ = {isa = PBXBuildFile; fileRef = 5FABF2182DCB3D02000CAA61 /* SettingSection.swift */; };
		5FABF21B2DCB41F1000CAA61 /* SettingViewModel.swift in Sources */ = {isa = PBXBuildFile; fileRef = 5FABF21A2DCB41F1000CAA61 /* SettingViewModel.swift */; };
		5FABF21D2DCB4849000CAA61 /* BookDataHeaderView.swift in Sources */ = {isa = PBXBuildFile; fileRef = 5FABF21C2DCB4849000CAA61 /* BookDataHeaderView.swift */; };
		5FABF21F2DCB57D1000CAA61 /* BookCardSize.swift in Sources */ = {isa = PBXBuildFile; fileRef = 5FABF21E2DCB57D1000CAA61 /* BookCardSize.swift */; };
		5FABF2222DCB7E87000CAA61 /* BookDescriptionView.swift in Sources */ = {isa = PBXBuildFile; fileRef = 5FABF2212DCB7E87000CAA61 /* BookDescriptionView.swift */; };
		5FAF4BA52DC9063700F6BF62 /* CreateCoreData.swift in Sources */ = {isa = PBXBuildFile; fileRef = 5FAF4BA42DC9063700F6BF62 /* CreateCoreData.swift */; };
		5FAF4BA72DC9063F00F6BF62 /* FetchCoreData.swift in Sources */ = {isa = PBXBuildFile; fileRef = 5FAF4BA62DC9063F00F6BF62 /* FetchCoreData.swift */; };
		5FAF4BA92DC9064500F6BF62 /* UpdateCoreData.swift in Sources */ = {isa = PBXBuildFile; fileRef = 5FAF4BA82DC9064500F6BF62 /* UpdateCoreData.swift */; };
		5FAF4BAB2DC9064B00F6BF62 /* DeleteCoreData.swift in Sources */ = {isa = PBXBuildFile; fileRef = 5FAF4BAA2DC9064B00F6BF62 /* DeleteCoreData.swift */; };
		5FAF4BAD2DC90DB500F6BF62 /* Date+Ext.swift in Sources */ = {isa = PBXBuildFile; fileRef = 5FAF4BAC2DC90DB500F6BF62 /* Date+Ext.swift */; };
		5FAF4BBC2DC9E5F500F6BF62 /* Kingfisher in Frameworks */ = {isa = PBXBuildFile; productRef = 5FAF4BBB2DC9E5F500F6BF62 /* Kingfisher */; };
		5FAF4BBF2DC9EC7F00F6BF62 /* BookCardView.swift in Sources */ = {isa = PBXBuildFile; fileRef = 5FAF4BBE2DC9EC7F00F6BF62 /* BookCardView.swift */; };
		5FB85A762DCA5E12003DF6FC /* SearchViewModel.swift in Sources */ = {isa = PBXBuildFile; fileRef = 5FB85A752DCA5E12003DF6FC /* SearchViewModel.swift */; };
		5FBF26142DE6C90F006C1D8C /* Review+Patch.swift in Sources */ = {isa = PBXBuildFile; fileRef = 5FBF26132DE6C90F006C1D8C /* Review+Patch.swift */; };
		5FBF26162DE6C953006C1D8C /* Book+Patch.swift in Sources */ = {isa = PBXBuildFile; fileRef = 5FBF26152DE6C953006C1D8C /* Book+Patch.swift */; };
		5FBF26182DE6C970006C1D8C /* BookHistory+Patch.swift in Sources */ = {isa = PBXBuildFile; fileRef = 5FBF26172DE6C970006C1D8C /* BookHistory+Patch.swift */; };
		5FBF46122DD49398008E29D4 /* HistoryTextFieldView.swift in Sources */ = {isa = PBXBuildFile; fileRef = 5FBF46112DD49398008E29D4 /* HistoryTextFieldView.swift */; };
		5FCA5D932DD5ECEB00D3C172 /* HeaderRightImageType.swift in Sources */ = {isa = PBXBuildFile; fileRef = 5FCA5D922DD5ECEB00D3C172 /* HeaderRightImageType.swift */; };
		5FCB310B2DD8B394001C9327 /* BookAPIManager.swift in Sources */ = {isa = PBXBuildFile; fileRef = 5FCB310A2DD8B394001C9327 /* BookAPIManager.swift */; };
		5FCE61812DD0BE6800B3280B /* HorizonCalendar in Frameworks */ = {isa = PBXBuildFile; productRef = 5FCE61802DD0BE6800B3280B /* HorizonCalendar */; };
		5FD0BF4D2DCF8B5400E3CA35 /* HistoryStatusView.swift in Sources */ = {isa = PBXBuildFile; fileRef = 5FD0BF4C2DCF8B5400E3CA35 /* HistoryStatusView.swift */; };
		5FD0BF4F2DCF8B6C00E3CA35 /* HistoryTermView.swift in Sources */ = {isa = PBXBuildFile; fileRef = 5FD0BF4E2DCF8B6C00E3CA35 /* HistoryTermView.swift */; };
		5FD0BF512DCF8B7700E3CA35 /* HistoryRatingView.swift in Sources */ = {isa = PBXBuildFile; fileRef = 5FD0BF502DCF8B7700E3CA35 /* HistoryRatingView.swift */; };
		5FD0BF532DCF8B7F00E3CA35 /* HistoryTagView.swift in Sources */ = {isa = PBXBuildFile; fileRef = 5FD0BF522DCF8B7F00E3CA35 /* HistoryTagView.swift */; };
		5FD0BF552DCF987300E3CA35 /* ScreenFontStyle.swift in Sources */ = {isa = PBXBuildFile; fileRef = 5FD0BF542DCF987300E3CA35 /* ScreenFontStyle.swift */; };
		5FD0BF572DD06BBA00E3CA35 /* HeaderAlignment.swift in Sources */ = {isa = PBXBuildFile; fileRef = 5FD0BF562DD06BBA00E3CA35 /* HeaderAlignment.swift */; };
		5FD8E3032DD482AE0058ED94 /* BottomButtonView.swift in Sources */ = {isa = PBXBuildFile; fileRef = 5FD8E3022DD482AE0058ED94 /* BottomButtonView.swift */; };
		5FD9BDB82DC9F0F600568A58 /* HeaderTitleView.swift in Sources */ = {isa = PBXBuildFile; fileRef = 5FD9BDB72DC9F0F600568A58 /* HeaderTitleView.swift */; };
		5FD9BDBA2DC9F28000568A58 /* ReadingHistoryViewModel.swift in Sources */ = {isa = PBXBuildFile; fileRef = 5FD9BDB92DC9F28000568A58 /* ReadingHistoryViewModel.swift */; };
		5FD9BDBC2DC9F90000568A58 /* ReadingStatus.swift in Sources */ = {isa = PBXBuildFile; fileRef = 5FD9BDBB2DC9F90000568A58 /* ReadingStatus.swift */; };
		5FE499C12DC88985009AC510 /* BookShelfView.swift in Sources */ = {isa = PBXBuildFile; fileRef = 5FE499C02DC88985009AC510 /* BookShelfView.swift */; };
		5FE499C32DC88993009AC510 /* ReadingHistoryView.swift in Sources */ = {isa = PBXBuildFile; fileRef = 5FE499C22DC88993009AC510 /* ReadingHistoryView.swift */; };
		5FE499C52DC8899A009AC510 /* SearchView.swift in Sources */ = {isa = PBXBuildFile; fileRef = 5FE499C42DC8899A009AC510 /* SearchView.swift */; };
		5FE499C72DC889A2009AC510 /* AnalyticsView.swift in Sources */ = {isa = PBXBuildFile; fileRef = 5FE499C62DC889A2009AC510 /* AnalyticsView.swift */; };
		5FE499C92DC889A9009AC510 /* SettingView.swift in Sources */ = {isa = PBXBuildFile; fileRef = 5FE499C82DC889A9009AC510 /* SettingView.swift */; };
		5FE499CB2DC889BC009AC510 /* MainTapView.swift in Sources */ = {isa = PBXBuildFile; fileRef = 5FE499CA2DC889BC009AC510 /* MainTapView.swift */; };
		5FE499CF2DC88AC0009AC510 /* Image+Ext.swift in Sources */ = {isa = PBXBuildFile; fileRef = 5FE499CE2DC88AC0009AC510 /* Image+Ext.swift */; };
		5FE499D12DC8AD6C009AC510 /* Color+Ext.swift in Sources */ = {isa = PBXBuildFile; fileRef = 5FE499D02DC8AD6C009AC510 /* Color+Ext.swift */; };
		5FE499D32DC8B23D009AC510 /* BookShelfCellView.swift in Sources */ = {isa = PBXBuildFile; fileRef = 5FE499D22DC8B23D009AC510 /* BookShelfCellView.swift */; };
		5FE499D52DC8B7B8009AC510 /* Book.swift in Sources */ = {isa = PBXBuildFile; fileRef = 5FE499D42DC8B7B8009AC510 /* Book.swift */; };
		5FE499D72DC8C53B009AC510 /* User.swift in Sources */ = {isa = PBXBuildFile; fileRef = 5FE499D62DC8C53B009AC510 /* User.swift */; };
		5FE499D92DC8C549009AC510 /* Review.swift in Sources */ = {isa = PBXBuildFile; fileRef = 5FE499D82DC8C549009AC510 /* Review.swift */; };
		5FE499DB2DC8C7EF009AC510 /* BookHistory.swift in Sources */ = {isa = PBXBuildFile; fileRef = 5FE499DA2DC8C7EF009AC510 /* BookHistory.swift */; };
		5FE499DD2DC8C81E009AC510 /* BookShelfViewModel.swift in Sources */ = {isa = PBXBuildFile; fileRef = 5FE499DC2DC8C81E009AC510 /* BookShelfViewModel.swift */; };
		5FF8E13F2DCA412D00B7F87E /* PagingTabView.swift in Sources */ = {isa = PBXBuildFile; fileRef = 5FF8E13E2DCA412D00B7F87E /* PagingTabView.swift */; };
/* End PBXBuildFile section */

/* Begin PBXFileReference section */
		5F02CC042DD72BC200F074EA /* BookCache.swift */ = {isa = PBXFileReference; lastKnownFileType = sourcecode.swift; path = BookCache.swift; sourceTree = "<group>"; };
		5F06A9862DC8F31700C0664E /* PersistenceManager.swift */ = {isa = PBXFileReference; lastKnownFileType = sourcecode.swift; path = PersistenceManager.swift; sourceTree = "<group>"; };
		5F07D0622DCA003400401B04 /* FetchBookHistoryProtocol.swift */ = {isa = PBXFileReference; lastKnownFileType = sourcecode.swift; path = FetchBookHistoryProtocol.swift; sourceTree = "<group>"; };
		5F07D0642DCA1C2900401B04 /* ReadingHistoryCellView.swift */ = {isa = PBXFileReference; lastKnownFileType = sourcecode.swift; path = ReadingHistoryCellView.swift; sourceTree = "<group>"; };
		5F25AE0D2DCD2D5100C89B89 /* BookInfoRow.swift */ = {isa = PBXFileReference; lastKnownFileType = sourcecode.swift; path = BookInfoRow.swift; sourceTree = "<group>"; };
		5F437A372DCA52D600610056 /* View+Ext.swift */ = {isa = PBXFileReference; lastKnownFileType = sourcecode.swift; path = "View+Ext.swift"; sourceTree = "<group>"; };
		5F6B70EB2DD104DE005179CE /* HorizonCalendarView.swift */ = {isa = PBXFileReference; lastKnownFileType = sourcecode.swift; path = HorizonCalendarView.swift; sourceTree = "<group>"; };
		5F6B70ED2DD104F4005179CE /* SelectionMode.swift */ = {isa = PBXFileReference; lastKnownFileType = sourcecode.swift; path = SelectionMode.swift; sourceTree = "<group>"; };
		5F6B91B62DCCCA1D00D6C54A /* BookDataViewModel.swift */ = {isa = PBXFileReference; lastKnownFileType = sourcecode.swift; path = BookDataViewModel.swift; sourceTree = "<group>"; };
		5F6B91B82DCCE76900D6C54A /* TabItem.swift */ = {isa = PBXFileReference; lastKnownFileType = sourcecode.swift; path = TabItem.swift; sourceTree = "<group>"; };
		5F6B91BA2DCCEEA100D6C54A /* BookDataView.swift */ = {isa = PBXFileReference; lastKnownFileType = sourcecode.swift; path = BookDataView.swift; sourceTree = "<group>"; };
		5F86504F2DC798BC00784088 /* BookWithMe.app */ = {isa = PBXFileReference; explicitFileType = wrapper.application; includeInIndex = 0; path = BookWithMe.app; sourceTree = BUILT_PRODUCTS_DIR; };
		5F8650522DC798BC00784088 /* BookWithMeApp.swift */ = {isa = PBXFileReference; lastKnownFileType = sourcecode.swift; path = BookWithMeApp.swift; sourceTree = "<group>"; };
		5F8650542DC798BC00784088 /* ContentView.swift */ = {isa = PBXFileReference; lastKnownFileType = sourcecode.swift; path = ContentView.swift; sourceTree = "<group>"; };
		5F8650562DC798BE00784088 /* Assets.xcassets */ = {isa = PBXFileReference; lastKnownFileType = folder.assetcatalog; path = Assets.xcassets; sourceTree = "<group>"; };
		5F8650592DC798BF00784088 /* Preview Assets.xcassets */ = {isa = PBXFileReference; lastKnownFileType = folder.assetcatalog; path = "Preview Assets.xcassets"; sourceTree = "<group>"; };
		5F93FDB82DC8D0DA00EC2E9E /* BookShelfCellViewModel.swift */ = {isa = PBXFileReference; lastKnownFileType = sourcecode.swift; path = BookShelfCellViewModel.swift; sourceTree = "<group>"; };
		5F93FDBB2DC8E51700EC2E9E /* CoreData.xcdatamodel */ = {isa = PBXFileReference; lastKnownFileType = wrapper.xcdatamodel; path = CoreData.xcdatamodel; sourceTree = "<group>"; };
		5F9B33C52DE7054F0026227B /* BookHistoryEntity+CoreDataClass.swift */ = {isa = PBXFileReference; lastKnownFileType = sourcecode.swift; path = "BookHistoryEntity+CoreDataClass.swift"; sourceTree = "<group>"; };
		5F9B33C62DE7054F0026227B /* BookHistoryEntity+CoreDataProperties.swift */ = {isa = PBXFileReference; lastKnownFileType = sourcecode.swift; path = "BookHistoryEntity+CoreDataProperties.swift"; sourceTree = "<group>"; };
		5F9B33C72DE7054F0026227B /* ReviewEntity+CoreDataClass.swift */ = {isa = PBXFileReference; lastKnownFileType = sourcecode.swift; path = "ReviewEntity+CoreDataClass.swift"; sourceTree = "<group>"; };
		5F9B33C82DE7054F0026227B /* ReviewEntity+CoreDataProperties.swift */ = {isa = PBXFileReference; lastKnownFileType = sourcecode.swift; path = "ReviewEntity+CoreDataProperties.swift"; sourceTree = "<group>"; };
		5F9B33C92DE7054F0026227B /* UserEntity+CoreDataClass.swift */ = {isa = PBXFileReference; lastKnownFileType = sourcecode.swift; path = "UserEntity+CoreDataClass.swift"; sourceTree = "<group>"; };
		5F9B33CA2DE7054F0026227B /* UserEntity+CoreDataProperties.swift */ = {isa = PBXFileReference; lastKnownFileType = sourcecode.swift; path = "UserEntity+CoreDataProperties.swift"; sourceTree = "<group>"; };
		5F9B33CB2DE7054F0026227B /* BookEntity+CoreDataClass.swift */ = {isa = PBXFileReference; lastKnownFileType = sourcecode.swift; path = "BookEntity+CoreDataClass.swift"; sourceTree = "<group>"; };
		5F9B33CC2DE7054F0026227B /* BookEntity+CoreDataProperties.swift */ = {isa = PBXFileReference; lastKnownFileType = sourcecode.swift; path = "BookEntity+CoreDataProperties.swift"; sourceTree = "<group>"; };
		5F9B33D52DE705A50026227B /* String+Ext.swift */ = {isa = PBXFileReference; lastKnownFileType = sourcecode.swift; path = "String+Ext.swift"; sourceTree = "<group>"; };
		5FABF2182DCB3D02000CAA61 /* SettingSection.swift */ = {isa = PBXFileReference; lastKnownFileType = sourcecode.swift; path = SettingSection.swift; sourceTree = "<group>"; };
		5FABF21A2DCB41F1000CAA61 /* SettingViewModel.swift */ = {isa = PBXFileReference; lastKnownFileType = sourcecode.swift; path = SettingViewModel.swift; sourceTree = "<group>"; };
		5FABF21C2DCB4849000CAA61 /* BookDataHeaderView.swift */ = {isa = PBXFileReference; lastKnownFileType = sourcecode.swift; path = BookDataHeaderView.swift; sourceTree = "<group>"; };
		5FABF21E2DCB57D1000CAA61 /* BookCardSize.swift */ = {isa = PBXFileReference; lastKnownFileType = sourcecode.swift; path = BookCardSize.swift; sourceTree = "<group>"; };
		5FABF2212DCB7E87000CAA61 /* BookDescriptionView.swift */ = {isa = PBXFileReference; lastKnownFileType = sourcecode.swift; path = BookDescriptionView.swift; sourceTree = "<group>"; };
		5FAF4BA42DC9063700F6BF62 /* CreateCoreData.swift */ = {isa = PBXFileReference; lastKnownFileType = sourcecode.swift; path = CreateCoreData.swift; sourceTree = "<group>"; };
		5FAF4BA62DC9063F00F6BF62 /* FetchCoreData.swift */ = {isa = PBXFileReference; lastKnownFileType = sourcecode.swift; path = FetchCoreData.swift; sourceTree = "<group>"; };
		5FAF4BA82DC9064500F6BF62 /* UpdateCoreData.swift */ = {isa = PBXFileReference; lastKnownFileType = sourcecode.swift; path = UpdateCoreData.swift; sourceTree = "<group>"; };
		5FAF4BAA2DC9064B00F6BF62 /* DeleteCoreData.swift */ = {isa = PBXFileReference; lastKnownFileType = sourcecode.swift; path = DeleteCoreData.swift; sourceTree = "<group>"; };
		5FAF4BAC2DC90DB500F6BF62 /* Date+Ext.swift */ = {isa = PBXFileReference; lastKnownFileType = sourcecode.swift; path = "Date+Ext.swift"; sourceTree = "<group>"; };
		5FAF4BBE2DC9EC7F00F6BF62 /* BookCardView.swift */ = {isa = PBXFileReference; lastKnownFileType = sourcecode.swift; path = BookCardView.swift; sourceTree = "<group>"; };
		5FB85A752DCA5E12003DF6FC /* SearchViewModel.swift */ = {isa = PBXFileReference; lastKnownFileType = sourcecode.swift; path = SearchViewModel.swift; sourceTree = "<group>"; };
		5FBF26132DE6C90F006C1D8C /* Review+Patch.swift */ = {isa = PBXFileReference; lastKnownFileType = sourcecode.swift; path = "Review+Patch.swift"; sourceTree = "<group>"; };
		5FBF26152DE6C953006C1D8C /* Book+Patch.swift */ = {isa = PBXFileReference; lastKnownFileType = sourcecode.swift; path = "Book+Patch.swift"; sourceTree = "<group>"; };
		5FBF26172DE6C970006C1D8C /* BookHistory+Patch.swift */ = {isa = PBXFileReference; lastKnownFileType = sourcecode.swift; path = "BookHistory+Patch.swift"; sourceTree = "<group>"; };
		5FBF46112DD49398008E29D4 /* HistoryTextFieldView.swift */ = {isa = PBXFileReference; lastKnownFileType = sourcecode.swift; path = HistoryTextFieldView.swift; sourceTree = "<group>"; };
		5FCA5D922DD5ECEB00D3C172 /* HeaderRightImageType.swift */ = {isa = PBXFileReference; lastKnownFileType = sourcecode.swift; path = HeaderRightImageType.swift; sourceTree = "<group>"; };
		5FCB310A2DD8B394001C9327 /* BookAPIManager.swift */ = {isa = PBXFileReference; lastKnownFileType = sourcecode.swift; path = BookAPIManager.swift; sourceTree = "<group>"; };
		5FD0BF4C2DCF8B5400E3CA35 /* HistoryStatusView.swift */ = {isa = PBXFileReference; lastKnownFileType = sourcecode.swift; path = HistoryStatusView.swift; sourceTree = "<group>"; };
		5FD0BF4E2DCF8B6C00E3CA35 /* HistoryTermView.swift */ = {isa = PBXFileReference; lastKnownFileType = sourcecode.swift; path = HistoryTermView.swift; sourceTree = "<group>"; };
		5FD0BF502DCF8B7700E3CA35 /* HistoryRatingView.swift */ = {isa = PBXFileReference; lastKnownFileType = sourcecode.swift; path = HistoryRatingView.swift; sourceTree = "<group>"; };
		5FD0BF522DCF8B7F00E3CA35 /* HistoryTagView.swift */ = {isa = PBXFileReference; lastKnownFileType = sourcecode.swift; path = HistoryTagView.swift; sourceTree = "<group>"; };
		5FD0BF542DCF987300E3CA35 /* ScreenFontStyle.swift */ = {isa = PBXFileReference; lastKnownFileType = sourcecode.swift; path = ScreenFontStyle.swift; sourceTree = "<group>"; };
		5FD0BF562DD06BBA00E3CA35 /* HeaderAlignment.swift */ = {isa = PBXFileReference; lastKnownFileType = sourcecode.swift; path = HeaderAlignment.swift; sourceTree = "<group>"; };
		5FD8E3022DD482AE0058ED94 /* BottomButtonView.swift */ = {isa = PBXFileReference; lastKnownFileType = sourcecode.swift; path = BottomButtonView.swift; sourceTree = "<group>"; };
		5FD9BDB72DC9F0F600568A58 /* HeaderTitleView.swift */ = {isa = PBXFileReference; lastKnownFileType = sourcecode.swift; path = HeaderTitleView.swift; sourceTree = "<group>"; };
		5FD9BDB92DC9F28000568A58 /* ReadingHistoryViewModel.swift */ = {isa = PBXFileReference; lastKnownFileType = sourcecode.swift; path = ReadingHistoryViewModel.swift; sourceTree = "<group>"; };
		5FD9BDBB2DC9F90000568A58 /* ReadingStatus.swift */ = {isa = PBXFileReference; lastKnownFileType = sourcecode.swift; path = ReadingStatus.swift; sourceTree = "<group>"; };
		5FE499C02DC88985009AC510 /* BookShelfView.swift */ = {isa = PBXFileReference; lastKnownFileType = sourcecode.swift; path = BookShelfView.swift; sourceTree = "<group>"; };
		5FE499C22DC88993009AC510 /* ReadingHistoryView.swift */ = {isa = PBXFileReference; lastKnownFileType = sourcecode.swift; path = ReadingHistoryView.swift; sourceTree = "<group>"; };
		5FE499C42DC8899A009AC510 /* SearchView.swift */ = {isa = PBXFileReference; lastKnownFileType = sourcecode.swift; path = SearchView.swift; sourceTree = "<group>"; };
		5FE499C62DC889A2009AC510 /* AnalyticsView.swift */ = {isa = PBXFileReference; lastKnownFileType = sourcecode.swift; path = AnalyticsView.swift; sourceTree = "<group>"; };
		5FE499C82DC889A9009AC510 /* SettingView.swift */ = {isa = PBXFileReference; lastKnownFileType = sourcecode.swift; path = SettingView.swift; sourceTree = "<group>"; };
		5FE499CA2DC889BC009AC510 /* MainTapView.swift */ = {isa = PBXFileReference; lastKnownFileType = sourcecode.swift; path = MainTapView.swift; sourceTree = "<group>"; };
		5FE499CE2DC88AC0009AC510 /* Image+Ext.swift */ = {isa = PBXFileReference; lastKnownFileType = sourcecode.swift; path = "Image+Ext.swift"; sourceTree = "<group>"; };
		5FE499D02DC8AD6C009AC510 /* Color+Ext.swift */ = {isa = PBXFileReference; lastKnownFileType = sourcecode.swift; path = "Color+Ext.swift"; sourceTree = "<group>"; };
		5FE499D22DC8B23D009AC510 /* BookShelfCellView.swift */ = {isa = PBXFileReference; lastKnownFileType = sourcecode.swift; path = BookShelfCellView.swift; sourceTree = "<group>"; };
		5FE499D42DC8B7B8009AC510 /* Book.swift */ = {isa = PBXFileReference; lastKnownFileType = sourcecode.swift; path = Book.swift; sourceTree = "<group>"; };
		5FE499D62DC8C53B009AC510 /* User.swift */ = {isa = PBXFileReference; lastKnownFileType = sourcecode.swift; path = User.swift; sourceTree = "<group>"; };
		5FE499D82DC8C549009AC510 /* Review.swift */ = {isa = PBXFileReference; lastKnownFileType = sourcecode.swift; path = Review.swift; sourceTree = "<group>"; };
		5FE499DA2DC8C7EF009AC510 /* BookHistory.swift */ = {isa = PBXFileReference; lastKnownFileType = sourcecode.swift; path = BookHistory.swift; sourceTree = "<group>"; };
		5FE499DC2DC8C81E009AC510 /* BookShelfViewModel.swift */ = {isa = PBXFileReference; lastKnownFileType = sourcecode.swift; path = BookShelfViewModel.swift; sourceTree = "<group>"; };
		5FF8E13E2DCA412D00B7F87E /* PagingTabView.swift */ = {isa = PBXFileReference; lastKnownFileType = sourcecode.swift; path = PagingTabView.swift; sourceTree = "<group>"; };
/* End PBXFileReference section */

/* Begin PBXFrameworksBuildPhase section */
		5F86504C2DC798BC00784088 /* Frameworks */ = {
			isa = PBXFrameworksBuildPhase;
			buildActionMask = 2147483647;
			files = (
				5FAF4BBC2DC9E5F500F6BF62 /* Kingfisher in Frameworks */,
				5FCE61812DD0BE6800B3280B /* HorizonCalendar in Frameworks */,
				5F331B4C2DCE44A80061E046 /* BottomSheet in Frameworks */,
			);
			runOnlyForDeploymentPostprocessing = 0;
		};
/* End PBXFrameworksBuildPhase section */

/* Begin PBXGroup section */
		5F8650462DC798BC00784088 = {
			isa = PBXGroup;
			children = (
				5F8650512DC798BC00784088 /* BookWithMe */,
				5F8650502DC798BC00784088 /* Products */,
			);
			sourceTree = "<group>";
		};
		5F8650502DC798BC00784088 /* Products */ = {
			isa = PBXGroup;
			children = (
				5F86504F2DC798BC00784088 /* BookWithMe.app */,
			);
			name = Products;
			sourceTree = "<group>";
		};
		5F8650512DC798BC00784088 /* BookWithMe */ = {
			isa = PBXGroup;
			children = (
				5FE499B12DC88694009AC510 /* App */,
				5F93FDC92DC8E97300EC2E9E /* CoreData */,
				5FE499B22DC88697009AC510 /* Common */,
				5FE499B62DC886B4009AC510 /* UI */,
				5FE499B52DC886B0009AC510 /* Manager */,
				5FE499B42DC886AC009AC510 /* Models */,
				5FE499B32DC886A0009AC510 /* Screens */,
				5F8650562DC798BE00784088 /* Assets.xcassets */,
				5F93FDBA2DC8E51700EC2E9E /* CoreData.xcdatamodeld */,
				5F8650582DC798BF00784088 /* Preview Content */,
			);
			path = BookWithMe;
			sourceTree = "<group>";
		};
		5F8650582DC798BF00784088 /* Preview Content */ = {
			isa = PBXGroup;
			children = (
				5F8650592DC798BF00784088 /* Preview Assets.xcassets */,
			);
			path = "Preview Content";
			sourceTree = "<group>";
		};
		5F93FDC92DC8E97300EC2E9E /* CoreData */ = {
			isa = PBXGroup;
			children = (
				5F9B33C52DE7054F0026227B /* BookHistoryEntity+CoreDataClass.swift */,
				5F9B33C62DE7054F0026227B /* BookHistoryEntity+CoreDataProperties.swift */,
				5F9B33C72DE7054F0026227B /* ReviewEntity+CoreDataClass.swift */,
				5F9B33C82DE7054F0026227B /* ReviewEntity+CoreDataProperties.swift */,
				5F9B33C92DE7054F0026227B /* UserEntity+CoreDataClass.swift */,
				5F9B33CA2DE7054F0026227B /* UserEntity+CoreDataProperties.swift */,
				5F9B33CB2DE7054F0026227B /* BookEntity+CoreDataClass.swift */,
				5F9B33CC2DE7054F0026227B /* BookEntity+CoreDataProperties.swift */,
			);
			path = CoreData;
			sourceTree = "<group>";
		};
		5F9B33C42DE6F9250026227B /* Model */ = {
			isa = PBXGroup;
			children = (
				5FE499D62DC8C53B009AC510 /* User.swift */,
				5FE499D42DC8B7B8009AC510 /* Book.swift */,
				5FE499DA2DC8C7EF009AC510 /* BookHistory.swift */,
				5FE499D82DC8C549009AC510 /* Review.swift */,
			);
			path = Model;
			sourceTree = "<group>";
		};
		5FABF2202DCB7E78000CAA61 /* BookDescriptionView */ = {
			isa = PBXGroup;
			children = (
				5FFB20F32DCDEA7B00A4B689 /* View */,
				5FFB20F42DCDEA7F00A4B689 /* ViewModel */,
			);
			path = BookDescriptionView;
			sourceTree = "<group>";
		};
		5FAF4BA32DC9061400F6BF62 /* CoreDataManager */ = {
			isa = PBXGroup;
			children = (
				5F06A9862DC8F31700C0664E /* PersistenceManager.swift */,
				5FAF4BA42DC9063700F6BF62 /* CreateCoreData.swift */,
				5FAF4BA62DC9063F00F6BF62 /* FetchCoreData.swift */,
				5FAF4BA82DC9064500F6BF62 /* UpdateCoreData.swift */,
				5FAF4BAA2DC9064B00F6BF62 /* DeleteCoreData.swift */,
			);
			path = CoreDataManager;
			sourceTree = "<group>";
		};
		5FB85A7B2DCA5E57003DF6FC /* View */ = {
			isa = PBXGroup;
			children = (
				5FE499C42DC8899A009AC510 /* SearchView.swift */,
			);
			path = View;
			sourceTree = "<group>";
		};
		5FB85A7C2DCA5E59003DF6FC /* ViewModel */ = {
			isa = PBXGroup;
			children = (
				5FB85A752DCA5E12003DF6FC /* SearchViewModel.swift */,
			);
			path = ViewModel;
			sourceTree = "<group>";
		};
		5FBF26122DE6C901006C1D8C /* Patch */ = {
			isa = PBXGroup;
			children = (
				5FBF26132DE6C90F006C1D8C /* Review+Patch.swift */,
				5FBF26152DE6C953006C1D8C /* Book+Patch.swift */,
				5FBF26172DE6C970006C1D8C /* BookHistory+Patch.swift */,
			);
			path = Patch;
			sourceTree = "<group>";
		};
		5FE499B12DC88694009AC510 /* App */ = {
			isa = PBXGroup;
			children = (
				5F8650522DC798BC00784088 /* BookWithMeApp.swift */,
				5F8650542DC798BC00784088 /* ContentView.swift */,
				5FE499CA2DC889BC009AC510 /* MainTapView.swift */,
			);
			path = App;
			sourceTree = "<group>";
		};
		5FE499B22DC88697009AC510 /* Common */ = {
			isa = PBXGroup;
			children = (
				5FE499B72DC886C9009AC510 /* Extenstions */,
				5FE499B82DC886CD009AC510 /* Constants */,
			);
			path = Common;
			sourceTree = "<group>";
		};
		5FE499B32DC886A0009AC510 /* Screens */ = {
			isa = PBXGroup;
			children = (
				5FABF2202DCB7E78000CAA61 /* BookDescriptionView */,
				5FE499BF2DC88943009AC510 /* BookShelf */,
				5FE499BE2DC88939009AC510 /* ReadingHistory */,
				5FE499BD2DC88931009AC510 /* Search */,
				5FE499BC2DC8892F009AC510 /* Analytics */,
				5FE499BB2DC8870D009AC510 /* Setting */,
			);
			path = Screens;
			sourceTree = "<group>";
		};
		5FE499B42DC886AC009AC510 /* Models */ = {
			isa = PBXGroup;
			children = (
				5F9B33C42DE6F9250026227B /* Model */,
				5FBF26122DE6C901006C1D8C /* Patch */,
			);
			path = Models;
			sourceTree = "<group>";
		};
		5FE499B52DC886B0009AC510 /* Manager */ = {
			isa = PBXGroup;
			children = (
				5F02CC042DD72BC200F074EA /* BookCache.swift */,
				5FCB310A2DD8B394001C9327 /* BookAPIManager.swift */,
				5FAF4BA32DC9061400F6BF62 /* CoreDataManager */,
			);
			path = Manager;
			sourceTree = "<group>";
		};
		5FE499B62DC886B4009AC510 /* UI */ = {
			isa = PBXGroup;
			children = (
				5FAF4BBE2DC9EC7F00F6BF62 /* BookCardView.swift */,
				5FD9BDB72DC9F0F600568A58 /* HeaderTitleView.swift */,
				5F07D0622DCA003400401B04 /* FetchBookHistoryProtocol.swift */,
				5FF8E13E2DCA412D00B7F87E /* PagingTabView.swift */,
				5FD9BDBB2DC9F90000568A58 /* ReadingStatus.swift */,
				5FABF2182DCB3D02000CAA61 /* SettingSection.swift */,
				5FABF21C2DCB4849000CAA61 /* BookDataHeaderView.swift */,
				5FABF21E2DCB57D1000CAA61 /* BookCardSize.swift */,
				5F6B91B82DCCE76900D6C54A /* TabItem.swift */,
				5F25AE0D2DCD2D5100C89B89 /* BookInfoRow.swift */,
				5FD0BF542DCF987300E3CA35 /* ScreenFontStyle.swift */,
				5FD0BF562DD06BBA00E3CA35 /* HeaderAlignment.swift */,
				5F6B70EB2DD104DE005179CE /* HorizonCalendarView.swift */,
				5F6B70ED2DD104F4005179CE /* SelectionMode.swift */,
				5FD8E3022DD482AE0058ED94 /* BottomButtonView.swift */,
				5FCA5D922DD5ECEB00D3C172 /* HeaderRightImageType.swift */,
			);
			path = UI;
			sourceTree = "<group>";
		};
		5FE499B72DC886C9009AC510 /* Extenstions */ = {
			isa = PBXGroup;
			children = (
				5FE499CE2DC88AC0009AC510 /* Image+Ext.swift */,
				5FE499D02DC8AD6C009AC510 /* Color+Ext.swift */,
				5FAF4BAC2DC90DB500F6BF62 /* Date+Ext.swift */,
				5F437A372DCA52D600610056 /* View+Ext.swift */,
				5F9B33D52DE705A50026227B /* String+Ext.swift */,
			);
			path = Extenstions;
			sourceTree = "<group>";
		};
		5FE499B82DC886CD009AC510 /* Constants */ = {
			isa = PBXGroup;
			children = (
			);
			path = Constants;
			sourceTree = "<group>";
		};
		5FE499BB2DC8870D009AC510 /* Setting */ = {
			isa = PBXGroup;
			children = (
				5FE499C82DC889A9009AC510 /* SettingView.swift */,
				5FABF21A2DCB41F1000CAA61 /* SettingViewModel.swift */,
			);
			path = Setting;
			sourceTree = "<group>";
		};
		5FE499BC2DC8892F009AC510 /* Analytics */ = {
			isa = PBXGroup;
			children = (
				5FE499C62DC889A2009AC510 /* AnalyticsView.swift */,
			);
			path = Analytics;
			sourceTree = "<group>";
		};
		5FE499BD2DC88931009AC510 /* Search */ = {
			isa = PBXGroup;
			children = (
				5FB85A7B2DCA5E57003DF6FC /* View */,
				5FB85A7C2DCA5E59003DF6FC /* ViewModel */,
			);
			path = Search;
			sourceTree = "<group>";
		};
		5FE499BE2DC88939009AC510 /* ReadingHistory */ = {
			isa = PBXGroup;
			children = (
				5FEB481D2DCA454400E20A23 /* View */,
				5FEB481C2DCA453F00E20A23 /* ViewModel */,
			);
			path = ReadingHistory;
			sourceTree = "<group>";
		};
		5FE499BF2DC88943009AC510 /* BookShelf */ = {
			isa = PBXGroup;
			children = (
				5FE499DE2DC8C9FA009AC510 /* View */,
				5FE499DF2DC8C9FD009AC510 /* ViewModel */,
			);
			path = BookShelf;
			sourceTree = "<group>";
		};
		5FE499DE2DC8C9FA009AC510 /* View */ = {
			isa = PBXGroup;
			children = (
				5FE499C02DC88985009AC510 /* BookShelfView.swift */,
				5FE499D22DC8B23D009AC510 /* BookShelfCellView.swift */,
			);
			path = View;
			sourceTree = "<group>";
		};
		5FE499DF2DC8C9FD009AC510 /* ViewModel */ = {
			isa = PBXGroup;
			children = (
				5FE499DC2DC8C81E009AC510 /* BookShelfViewModel.swift */,
				5F93FDB82DC8D0DA00EC2E9E /* BookShelfCellViewModel.swift */,
			);
			path = ViewModel;
			sourceTree = "<group>";
		};
		5FEB481C2DCA453F00E20A23 /* ViewModel */ = {
			isa = PBXGroup;
			children = (
				5FD9BDB92DC9F28000568A58 /* ReadingHistoryViewModel.swift */,
			);
			path = ViewModel;
			sourceTree = "<group>";
		};
		5FEB481D2DCA454400E20A23 /* View */ = {
			isa = PBXGroup;
			children = (
				5FE499C22DC88993009AC510 /* ReadingHistoryView.swift */,
				5F07D0642DCA1C2900401B04 /* ReadingHistoryCellView.swift */,
			);
			path = View;
			sourceTree = "<group>";
		};
		5FFB20F32DCDEA7B00A4B689 /* View */ = {
			isa = PBXGroup;
			children = (
				5F6B91BA2DCCEEA100D6C54A /* BookDataView.swift */,
				5FABF2212DCB7E87000CAA61 /* BookDescriptionView.swift */,
				5FD0BF4C2DCF8B5400E3CA35 /* HistoryStatusView.swift */,
				5FD0BF4E2DCF8B6C00E3CA35 /* HistoryTermView.swift */,
				5FD0BF502DCF8B7700E3CA35 /* HistoryRatingView.swift */,
				5FBF46112DD49398008E29D4 /* HistoryTextFieldView.swift */,
				5FD0BF522DCF8B7F00E3CA35 /* HistoryTagView.swift */,
			);
			path = View;
			sourceTree = "<group>";
		};
		5FFB20F42DCDEA7F00A4B689 /* ViewModel */ = {
			isa = PBXGroup;
			children = (
				5F6B91B62DCCCA1D00D6C54A /* BookDataViewModel.swift */,
			);
			path = ViewModel;
			sourceTree = "<group>";
		};
/* End PBXGroup section */

/* Begin PBXNativeTarget section */
		5F86504E2DC798BC00784088 /* BookWithMe */ = {
			isa = PBXNativeTarget;
			buildConfigurationList = 5F86505D2DC798BF00784088 /* Build configuration list for PBXNativeTarget "BookWithMe" */;
			buildPhases = (
				5F86504B2DC798BC00784088 /* Sources */,
				5F86504C2DC798BC00784088 /* Frameworks */,
				5F86504D2DC798BC00784088 /* Resources */,
			);
			buildRules = (
			);
			dependencies = (
			);
			name = BookWithMe;
			packageProductDependencies = (
				5FAF4BBB2DC9E5F500F6BF62 /* Kingfisher */,
				5F331B4B2DCE44A80061E046 /* BottomSheet */,
				5FCE61802DD0BE6800B3280B /* HorizonCalendar */,
			);
			productName = BookWithMe;
			productReference = 5F86504F2DC798BC00784088 /* BookWithMe.app */;
			productType = "com.apple.product-type.application";
		};
/* End PBXNativeTarget section */

/* Begin PBXProject section */
		5F8650472DC798BC00784088 /* Project object */ = {
			isa = PBXProject;
			attributes = {
				BuildIndependentTargetsInParallel = 1;
				LastSwiftUpdateCheck = 1530;
				LastUpgradeCheck = 1530;
				TargetAttributes = {
					5F86504E2DC798BC00784088 = {
						CreatedOnToolsVersion = 15.3;
					};
				};
			};
			buildConfigurationList = 5F86504A2DC798BC00784088 /* Build configuration list for PBXProject "BookWithMe" */;
			compatibilityVersion = "Xcode 14.0";
			developmentRegion = en;
			hasScannedForEncodings = 0;
			knownRegions = (
				en,
				Base,
			);
			mainGroup = 5F8650462DC798BC00784088;
			packageReferences = (
				5FAF4BBA2DC9E5F500F6BF62 /* XCRemoteSwiftPackageReference "Kingfisher" */,
				5F331B4A2DCE44A80061E046 /* XCRemoteSwiftPackageReference "BottomSheet" */,
				5FCE617F2DD0BE6800B3280B /* XCRemoteSwiftPackageReference "HorizonCalendar" */,
			);
			productRefGroup = 5F8650502DC798BC00784088 /* Products */;
			projectDirPath = "";
			projectRoot = "";
			targets = (
				5F86504E2DC798BC00784088 /* BookWithMe */,
			);
		};
/* End PBXProject section */

/* Begin PBXResourcesBuildPhase section */
		5F86504D2DC798BC00784088 /* Resources */ = {
			isa = PBXResourcesBuildPhase;
			buildActionMask = 2147483647;
			files = (
				5F86505A2DC798BF00784088 /* Preview Assets.xcassets in Resources */,
				5F8650572DC798BF00784088 /* Assets.xcassets in Resources */,
			);
			runOnlyForDeploymentPostprocessing = 0;
		};
/* End PBXResourcesBuildPhase section */

/* Begin PBXSourcesBuildPhase section */
		5F86504B2DC798BC00784088 /* Sources */ = {
			isa = PBXSourcesBuildPhase;
			buildActionMask = 2147483647;
			files = (
				5FD8E3032DD482AE0058ED94 /* BottomButtonView.swift in Sources */,
				5FBF46122DD49398008E29D4 /* HistoryTextFieldView.swift in Sources */,
				5FABF21B2DCB41F1000CAA61 /* SettingViewModel.swift in Sources */,
				5FE499D72DC8C53B009AC510 /* User.swift in Sources */,
				5FE499C52DC8899A009AC510 /* SearchView.swift in Sources */,
				5FD0BF4D2DCF8B5400E3CA35 /* HistoryStatusView.swift in Sources */,
				5FD9BDBC2DC9F90000568A58 /* ReadingStatus.swift in Sources */,
				5F6B70EC2DD104DE005179CE /* HorizonCalendarView.swift in Sources */,
				5F6B91BB2DCCEEA100D6C54A /* BookDataView.swift in Sources */,
				5F25AE0E2DCD2D5100C89B89 /* BookInfoRow.swift in Sources */,
				5F6B91B72DCCCA1D00D6C54A /* BookDataViewModel.swift in Sources */,
				5FD0BF572DD06BBA00E3CA35 /* HeaderAlignment.swift in Sources */,
				5FABF2192DCB3D02000CAA61 /* SettingSection.swift in Sources */,
				5F93FDBC2DC8E51700EC2E9E /* CoreData.xcdatamodeld in Sources */,
				5F07D0652DCA1C2900401B04 /* ReadingHistoryCellView.swift in Sources */,
				5FE499CB2DC889BC009AC510 /* MainTapView.swift in Sources */,
				5FBF26182DE6C970006C1D8C /* BookHistory+Patch.swift in Sources */,
				5FAF4BA52DC9063700F6BF62 /* CreateCoreData.swift in Sources */,
				5FE499D52DC8B7B8009AC510 /* Book.swift in Sources */,
				5FE499CF2DC88AC0009AC510 /* Image+Ext.swift in Sources */,
				5FD9BDBA2DC9F28000568A58 /* ReadingHistoryViewModel.swift in Sources */,
				5FE499C12DC88985009AC510 /* BookShelfView.swift in Sources */,
				5F8650552DC798BC00784088 /* ContentView.swift in Sources */,
				5FB85A762DCA5E12003DF6FC /* SearchViewModel.swift in Sources */,
				5FABF2222DCB7E87000CAA61 /* BookDescriptionView.swift in Sources */,
				5F9B33CD2DE7054F0026227B /* BookHistoryEntity+CoreDataClass.swift in Sources */,
				5F9B33CE2DE7054F0026227B /* BookHistoryEntity+CoreDataProperties.swift in Sources */,
				5F9B33CF2DE7054F0026227B /* ReviewEntity+CoreDataClass.swift in Sources */,
				5F9B33D02DE7054F0026227B /* ReviewEntity+CoreDataProperties.swift in Sources */,
				5F9B33D12DE7054F0026227B /* UserEntity+CoreDataClass.swift in Sources */,
				5F9B33D22DE7054F0026227B /* UserEntity+CoreDataProperties.swift in Sources */,
				5F9B33D32DE7054F0026227B /* BookEntity+CoreDataClass.swift in Sources */,
				5F9B33D42DE7054F0026227B /* BookEntity+CoreDataProperties.swift in Sources */,
				5FD0BF532DCF8B7F00E3CA35 /* HistoryTagView.swift in Sources */,
				5FAF4BAD2DC90DB500F6BF62 /* Date+Ext.swift in Sources */,
				5FAF4BA92DC9064500F6BF62 /* UpdateCoreData.swift in Sources */,
				5FE499C92DC889A9009AC510 /* SettingView.swift in Sources */,
				5FE499C72DC889A2009AC510 /* AnalyticsView.swift in Sources */,
				5FAF4BA72DC9063F00F6BF62 /* FetchCoreData.swift in Sources */,
				5FABF21D2DCB4849000CAA61 /* BookDataHeaderView.swift in Sources */,
				5FAF4BAB2DC9064B00F6BF62 /* DeleteCoreData.swift in Sources */,
				5F6B91B92DCCE76900D6C54A /* TabItem.swift in Sources */,
				5FE499D92DC8C549009AC510 /* Review.swift in Sources */,
				5FD9BDB82DC9F0F600568A58 /* HeaderTitleView.swift in Sources */,
				5FCA5D932DD5ECEB00D3C172 /* HeaderRightImageType.swift in Sources */,
				5FD0BF512DCF8B7700E3CA35 /* HistoryRatingView.swift in Sources */,
				5FE499C32DC88993009AC510 /* ReadingHistoryView.swift in Sources */,
				5F06A9872DC8F31700C0664E /* PersistenceManager.swift in Sources */,
				5FD0BF552DCF987300E3CA35 /* ScreenFontStyle.swift in Sources */,
				5F02CC052DD72BC200F074EA /* BookCache.swift in Sources */,
				5FF8E13F2DCA412D00B7F87E /* PagingTabView.swift in Sources */,
				5FBF26162DE6C953006C1D8C /* Book+Patch.swift in Sources */,
				5F8650532DC798BC00784088 /* BookWithMeApp.swift in Sources */,
				5F9B33D62DE705A50026227B /* String+Ext.swift in Sources */,
				5F437A382DCA52D600610056 /* View+Ext.swift in Sources */,
				5FE499DD2DC8C81E009AC510 /* BookShelfViewModel.swift in Sources */,
				5FD0BF4F2DCF8B6C00E3CA35 /* HistoryTermView.swift in Sources */,
				5FABF21F2DCB57D1000CAA61 /* BookCardSize.swift in Sources */,
				5F6B70EE2DD104F4005179CE /* SelectionMode.swift in Sources */,
				5FE499DB2DC8C7EF009AC510 /* BookHistory.swift in Sources */,
				5FE499D12DC8AD6C009AC510 /* Color+Ext.swift in Sources */,
				5FBF26142DE6C90F006C1D8C /* Review+Patch.swift in Sources */,
				5FE499D32DC8B23D009AC510 /* BookShelfCellView.swift in Sources */,
				5F07D0632DCA003400401B04 /* FetchBookHistoryProtocol.swift in Sources */,
				5FCB310B2DD8B394001C9327 /* BookAPIManager.swift in Sources */,
				5F93FDB92DC8D0DA00EC2E9E /* BookShelfCellViewModel.swift in Sources */,
				5FAF4BBF2DC9EC7F00F6BF62 /* BookCardView.swift in Sources */,
			);
			runOnlyForDeploymentPostprocessing = 0;
		};
/* End PBXSourcesBuildPhase section */

/* Begin XCBuildConfiguration section */
		5F86505B2DC798BF00784088 /* Debug */ = {
			isa = XCBuildConfiguration;
			buildSettings = {
				ALWAYS_SEARCH_USER_PATHS = NO;
				ASSETCATALOG_COMPILER_GENERATE_SWIFT_ASSET_SYMBOL_EXTENSIONS = YES;
				CLANG_ANALYZER_NONNULL = YES;
				CLANG_ANALYZER_NUMBER_OBJECT_CONVERSION = YES_AGGRESSIVE;
				CLANG_CXX_LANGUAGE_STANDARD = "gnu++20";
				CLANG_ENABLE_MODULES = YES;
				CLANG_ENABLE_OBJC_ARC = YES;
				CLANG_ENABLE_OBJC_WEAK = YES;
				CLANG_WARN_BLOCK_CAPTURE_AUTORELEASING = YES;
				CLANG_WARN_BOOL_CONVERSION = YES;
				CLANG_WARN_COMMA = YES;
				CLANG_WARN_CONSTANT_CONVERSION = YES;
				CLANG_WARN_DEPRECATED_OBJC_IMPLEMENTATIONS = YES;
				CLANG_WARN_DIRECT_OBJC_ISA_USAGE = YES_ERROR;
				CLANG_WARN_DOCUMENTATION_COMMENTS = YES;
				CLANG_WARN_EMPTY_BODY = YES;
				CLANG_WARN_ENUM_CONVERSION = YES;
				CLANG_WARN_INFINITE_RECURSION = YES;
				CLANG_WARN_INT_CONVERSION = YES;
				CLANG_WARN_NON_LITERAL_NULL_CONVERSION = YES;
				CLANG_WARN_OBJC_IMPLICIT_RETAIN_SELF = YES;
				CLANG_WARN_OBJC_LITERAL_CONVERSION = YES;
				CLANG_WARN_OBJC_ROOT_CLASS = YES_ERROR;
				CLANG_WARN_QUOTED_INCLUDE_IN_FRAMEWORK_HEADER = YES;
				CLANG_WARN_RANGE_LOOP_ANALYSIS = YES;
				CLANG_WARN_STRICT_PROTOTYPES = YES;
				CLANG_WARN_SUSPICIOUS_MOVE = YES;
				CLANG_WARN_UNGUARDED_AVAILABILITY = YES_AGGRESSIVE;
				CLANG_WARN_UNREACHABLE_CODE = YES;
				CLANG_WARN__DUPLICATE_METHOD_MATCH = YES;
				COPY_PHASE_STRIP = NO;
				DEBUG_INFORMATION_FORMAT = dwarf;
				ENABLE_STRICT_OBJC_MSGSEND = YES;
				ENABLE_TESTABILITY = YES;
				ENABLE_USER_SCRIPT_SANDBOXING = YES;
				GCC_C_LANGUAGE_STANDARD = gnu17;
				GCC_DYNAMIC_NO_PIC = NO;
				GCC_NO_COMMON_BLOCKS = YES;
				GCC_OPTIMIZATION_LEVEL = 0;
				GCC_PREPROCESSOR_DEFINITIONS = (
					"DEBUG=1",
					"$(inherited)",
				);
				GCC_WARN_64_TO_32_BIT_CONVERSION = YES;
				GCC_WARN_ABOUT_RETURN_TYPE = YES_ERROR;
				GCC_WARN_UNDECLARED_SELECTOR = YES;
				GCC_WARN_UNINITIALIZED_AUTOS = YES_AGGRESSIVE;
				GCC_WARN_UNUSED_FUNCTION = YES;
				GCC_WARN_UNUSED_VARIABLE = YES;
				IPHONEOS_DEPLOYMENT_TARGET = 17.4;
				LOCALIZATION_PREFERS_STRING_CATALOGS = YES;
				MTL_ENABLE_DEBUG_INFO = INCLUDE_SOURCE;
				MTL_FAST_MATH = YES;
				ONLY_ACTIVE_ARCH = YES;
				SDKROOT = iphoneos;
				SWIFT_ACTIVE_COMPILATION_CONDITIONS = "DEBUG $(inherited)";
				SWIFT_OPTIMIZATION_LEVEL = "-Onone";
			};
			name = Debug;
		};
		5F86505C2DC798BF00784088 /* Release */ = {
			isa = XCBuildConfiguration;
			buildSettings = {
				ALWAYS_SEARCH_USER_PATHS = NO;
				ASSETCATALOG_COMPILER_GENERATE_SWIFT_ASSET_SYMBOL_EXTENSIONS = YES;
				CLANG_ANALYZER_NONNULL = YES;
				CLANG_ANALYZER_NUMBER_OBJECT_CONVERSION = YES_AGGRESSIVE;
				CLANG_CXX_LANGUAGE_STANDARD = "gnu++20";
				CLANG_ENABLE_MODULES = YES;
				CLANG_ENABLE_OBJC_ARC = YES;
				CLANG_ENABLE_OBJC_WEAK = YES;
				CLANG_WARN_BLOCK_CAPTURE_AUTORELEASING = YES;
				CLANG_WARN_BOOL_CONVERSION = YES;
				CLANG_WARN_COMMA = YES;
				CLANG_WARN_CONSTANT_CONVERSION = YES;
				CLANG_WARN_DEPRECATED_OBJC_IMPLEMENTATIONS = YES;
				CLANG_WARN_DIRECT_OBJC_ISA_USAGE = YES_ERROR;
				CLANG_WARN_DOCUMENTATION_COMMENTS = YES;
				CLANG_WARN_EMPTY_BODY = YES;
				CLANG_WARN_ENUM_CONVERSION = YES;
				CLANG_WARN_INFINITE_RECURSION = YES;
				CLANG_WARN_INT_CONVERSION = YES;
				CLANG_WARN_NON_LITERAL_NULL_CONVERSION = YES;
				CLANG_WARN_OBJC_IMPLICIT_RETAIN_SELF = YES;
				CLANG_WARN_OBJC_LITERAL_CONVERSION = YES;
				CLANG_WARN_OBJC_ROOT_CLASS = YES_ERROR;
				CLANG_WARN_QUOTED_INCLUDE_IN_FRAMEWORK_HEADER = YES;
				CLANG_WARN_RANGE_LOOP_ANALYSIS = YES;
				CLANG_WARN_STRICT_PROTOTYPES = YES;
				CLANG_WARN_SUSPICIOUS_MOVE = YES;
				CLANG_WARN_UNGUARDED_AVAILABILITY = YES_AGGRESSIVE;
				CLANG_WARN_UNREACHABLE_CODE = YES;
				CLANG_WARN__DUPLICATE_METHOD_MATCH = YES;
				COPY_PHASE_STRIP = NO;
				DEBUG_INFORMATION_FORMAT = "dwarf-with-dsym";
				ENABLE_NS_ASSERTIONS = NO;
				ENABLE_STRICT_OBJC_MSGSEND = YES;
				ENABLE_USER_SCRIPT_SANDBOXING = YES;
				GCC_C_LANGUAGE_STANDARD = gnu17;
				GCC_NO_COMMON_BLOCKS = YES;
				GCC_WARN_64_TO_32_BIT_CONVERSION = YES;
				GCC_WARN_ABOUT_RETURN_TYPE = YES_ERROR;
				GCC_WARN_UNDECLARED_SELECTOR = YES;
				GCC_WARN_UNINITIALIZED_AUTOS = YES_AGGRESSIVE;
				GCC_WARN_UNUSED_FUNCTION = YES;
				GCC_WARN_UNUSED_VARIABLE = YES;
				IPHONEOS_DEPLOYMENT_TARGET = 17.4;
				LOCALIZATION_PREFERS_STRING_CATALOGS = YES;
				MTL_ENABLE_DEBUG_INFO = NO;
				MTL_FAST_MATH = YES;
				SDKROOT = iphoneos;
				SWIFT_COMPILATION_MODE = wholemodule;
				VALIDATE_PRODUCT = YES;
			};
			name = Release;
		};
		5F86505E2DC798BF00784088 /* Debug */ = {
			isa = XCBuildConfiguration;
			buildSettings = {
				ASSETCATALOG_COMPILER_APPICON_NAME = AppIcon;
				ASSETCATALOG_COMPILER_GLOBAL_ACCENT_COLOR_NAME = AccentColor;
				CODE_SIGN_STYLE = Automatic;
				CURRENT_PROJECT_VERSION = 1;
				DEVELOPMENT_ASSET_PATHS = "\"BookWithMe/Preview Content\"";
				DEVELOPMENT_TEAM = 63D86GVH6K;
				ENABLE_PREVIEWS = YES;
				GENERATE_INFOPLIST_FILE = YES;
				INFOPLIST_KEY_UIApplicationSceneManifest_Generation = YES;
				INFOPLIST_KEY_UIApplicationSupportsIndirectInputEvents = YES;
				INFOPLIST_KEY_UILaunchScreen_Generation = YES;
				INFOPLIST_KEY_UISupportedInterfaceOrientations_iPad = "UIInterfaceOrientationPortrait UIInterfaceOrientationPortraitUpsideDown UIInterfaceOrientationLandscapeLeft UIInterfaceOrientationLandscapeRight";
				INFOPLIST_KEY_UISupportedInterfaceOrientations_iPhone = "UIInterfaceOrientationPortrait UIInterfaceOrientationLandscapeLeft UIInterfaceOrientationLandscapeRight";
				LD_RUNPATH_SEARCH_PATHS = (
					"$(inherited)",
					"@executable_path/Frameworks",
				);
				MARKETING_VERSION = 1.0;
				PRODUCT_BUNDLE_IDENTIFIER = ges.BookWithMe;
				PRODUCT_NAME = "$(TARGET_NAME)";
				SWIFT_EMIT_LOC_STRINGS = YES;
				SWIFT_VERSION = 5.0;
				TARGETED_DEVICE_FAMILY = "1,2";
			};
			name = Debug;
		};
		5F86505F2DC798BF00784088 /* Release */ = {
			isa = XCBuildConfiguration;
			buildSettings = {
				ASSETCATALOG_COMPILER_APPICON_NAME = AppIcon;
				ASSETCATALOG_COMPILER_GLOBAL_ACCENT_COLOR_NAME = AccentColor;
				CODE_SIGN_STYLE = Automatic;
				CURRENT_PROJECT_VERSION = 1;
				DEVELOPMENT_ASSET_PATHS = "\"BookWithMe/Preview Content\"";
				DEVELOPMENT_TEAM = 63D86GVH6K;
				ENABLE_PREVIEWS = YES;
				GENERATE_INFOPLIST_FILE = YES;
				INFOPLIST_KEY_UIApplicationSceneManifest_Generation = YES;
				INFOPLIST_KEY_UIApplicationSupportsIndirectInputEvents = YES;
				INFOPLIST_KEY_UILaunchScreen_Generation = YES;
				INFOPLIST_KEY_UISupportedInterfaceOrientations_iPad = "UIInterfaceOrientationPortrait UIInterfaceOrientationPortraitUpsideDown UIInterfaceOrientationLandscapeLeft UIInterfaceOrientationLandscapeRight";
				INFOPLIST_KEY_UISupportedInterfaceOrientations_iPhone = "UIInterfaceOrientationPortrait UIInterfaceOrientationLandscapeLeft UIInterfaceOrientationLandscapeRight";
				LD_RUNPATH_SEARCH_PATHS = (
					"$(inherited)",
					"@executable_path/Frameworks",
				);
				MARKETING_VERSION = 1.0;
				PRODUCT_BUNDLE_IDENTIFIER = ges.BookWithMe;
				PRODUCT_NAME = "$(TARGET_NAME)";
				SWIFT_EMIT_LOC_STRINGS = YES;
				SWIFT_VERSION = 5.0;
				TARGETED_DEVICE_FAMILY = "1,2";
			};
			name = Release;
		};
/* End XCBuildConfiguration section */

/* Begin XCConfigurationList section */
		5F86504A2DC798BC00784088 /* Build configuration list for PBXProject "BookWithMe" */ = {
			isa = XCConfigurationList;
			buildConfigurations = (
				5F86505B2DC798BF00784088 /* Debug */,
				5F86505C2DC798BF00784088 /* Release */,
			);
			defaultConfigurationIsVisible = 0;
			defaultConfigurationName = Release;
		};
		5F86505D2DC798BF00784088 /* Build configuration list for PBXNativeTarget "BookWithMe" */ = {
			isa = XCConfigurationList;
			buildConfigurations = (
				5F86505E2DC798BF00784088 /* Debug */,
				5F86505F2DC798BF00784088 /* Release */,
			);
			defaultConfigurationIsVisible = 0;
			defaultConfigurationName = Release;
		};
/* End XCConfigurationList section */

/* Begin XCRemoteSwiftPackageReference section */
		5F331B4A2DCE44A80061E046 /* XCRemoteSwiftPackageReference "BottomSheet" */ = {
			isa = XCRemoteSwiftPackageReference;
			repositoryURL = "https://github.com/lucaszischka/BottomSheet";
			requirement = {
				kind = upToNextMajorVersion;
				minimumVersion = 3.1.1;
			};
		};
		5FAF4BBA2DC9E5F500F6BF62 /* XCRemoteSwiftPackageReference "Kingfisher" */ = {
			isa = XCRemoteSwiftPackageReference;
			repositoryURL = "https://github.com/onevcat/Kingfisher.git";
			requirement = {
				kind = upToNextMajorVersion;
				minimumVersion = 8.3.2;
			};
		};
		5FCE617F2DD0BE6800B3280B /* XCRemoteSwiftPackageReference "HorizonCalendar" */ = {
			isa = XCRemoteSwiftPackageReference;
			repositoryURL = "https://github.com/airbnb/HorizonCalendar.git";
			requirement = {
				branch = master;
				kind = branch;
			};
		};
/* End XCRemoteSwiftPackageReference section */

/* Begin XCSwiftPackageProductDependency section */
		5F331B4B2DCE44A80061E046 /* BottomSheet */ = {
			isa = XCSwiftPackageProductDependency;
			package = 5F331B4A2DCE44A80061E046 /* XCRemoteSwiftPackageReference "BottomSheet" */;
			productName = BottomSheet;
		};
		5FAF4BBB2DC9E5F500F6BF62 /* Kingfisher */ = {
			isa = XCSwiftPackageProductDependency;
			package = 5FAF4BBA2DC9E5F500F6BF62 /* XCRemoteSwiftPackageReference "Kingfisher" */;
			productName = Kingfisher;
		};
		5FCE61802DD0BE6800B3280B /* HorizonCalendar */ = {
			isa = XCSwiftPackageProductDependency;
			package = 5FCE617F2DD0BE6800B3280B /* XCRemoteSwiftPackageReference "HorizonCalendar" */;
			productName = HorizonCalendar;
		};
/* End XCSwiftPackageProductDependency section */

/* Begin XCVersionGroup section */
		5F93FDBA2DC8E51700EC2E9E /* CoreData.xcdatamodeld */ = {
			isa = XCVersionGroup;
			children = (
				5F93FDBB2DC8E51700EC2E9E /* CoreData.xcdatamodel */,
			);
			currentVersion = 5F93FDBB2DC8E51700EC2E9E /* CoreData.xcdatamodel */;
			path = CoreData.xcdatamodeld;
			sourceTree = "<group>";
			versionGroupType = wrapper.xcdatamodel;
		};
/* End XCVersionGroup section */
	};
	rootObject = 5F8650472DC798BC00784088 /* Project object */;
}
